// !$*UTF8*$!
{
	archiveVersion = 1;
	classes = {
	};
	objectVersion = 56;
	objects = {

/* Begin PBXBuildFile section */
		D41DF7302A98C0E10063202F /* Snackbar.swift in Sources */ = {isa = PBXBuildFile; fileRef = D41DF72F2A98C0E10063202F /* Snackbar.swift */; };
		D4A91A062A9CBD3600CE13A0 /* Input.swift in Sources */ = {isa = PBXBuildFile; fileRef = D4A91A052A9CBD3600CE13A0 /* Input.swift */; };
		D4B0C3902AA2CEF80005CF50 /* DocumentsFolderView.swift in Sources */ = {isa = PBXBuildFile; fileRef = D4B0C38F2AA2CEF80005CF50 /* DocumentsFolderView.swift */; };
		D4B0C3982AA2D5CE0005CF50 /* DocumentsFolderFileData.swift in Sources */ = {isa = PBXBuildFile; fileRef = D4B0C3972AA2D5CE0005CF50 /* DocumentsFolderFileData.swift */; };
		D4B0C39A2AA2D6540005CF50 /* DocumentsFolderFileViewModel.swift in Sources */ = {isa = PBXBuildFile; fileRef = D4B0C3992AA2D6540005CF50 /* DocumentsFolderFileViewModel.swift */; };
		D4B498712AA49B82002133E4 /* ViewModifiers.swift in Sources */ = {isa = PBXBuildFile; fileRef = D4B498702AA49B82002133E4 /* ViewModifiers.swift */; };
		D4BDAC802A99DC9400A765CA /* SubImageCodableData.swift in Sources */ = {isa = PBXBuildFile; fileRef = D4BDAC7F2A99DC9400A765CA /* SubImageCodableData.swift */; };
		D4BDAC822A99DF1200A765CA /* DotImageCodableData.swift in Sources */ = {isa = PBXBuildFile; fileRef = D4BDAC812A99DF1200A765CA /* DotImageCodableData.swift */; };
		D4BDAC852A99E27900A765CA /* Output.swift in Sources */ = {isa = PBXBuildFile; fileRef = D4BDAC842A99E27900A765CA /* Output.swift */; };
		D4BDAC872A99E39700A765CA /* FileManagerExtensions.swift in Sources */ = {isa = PBXBuildFile; fileRef = D4BDAC862A99E39700A765CA /* FileManagerExtensions.swift */; };
		D4BDAC892A99E4FA00A765CA /* URLExtensions.swift in Sources */ = {isa = PBXBuildFile; fileRef = D4BDAC882A99E4FA00A765CA /* URLExtensions.swift */; };
		D4BDAC8B2A99E7B200A765CA /* CalendarExtensions.swift in Sources */ = {isa = PBXBuildFile; fileRef = D4BDAC8A2A99E7B200A765CA /* CalendarExtensions.swift */; };
		D4BDAE5B2A9A04A100A765CA /* DotImageData.swift in Sources */ = {isa = PBXBuildFile; fileRef = D4BDAE5A2A9A04A100A765CA /* DotImageData.swift */; };
		D4BDAE5E2A9A165600A765CA /* ZipArchive in Frameworks */ = {isa = PBXBuildFile; productRef = D4BDAE5D2A9A165600A765CA /* ZipArchive */; };
		D4CF60C22A97AC9F009FCEE3 /* DottedCanvasApp.swift in Sources */ = {isa = PBXBuildFile; fileRef = D4CF60C12A97AC9F009FCEE3 /* DottedCanvasApp.swift */; };
		D4CF60C42A97AC9F009FCEE3 /* ContentView.swift in Sources */ = {isa = PBXBuildFile; fileRef = D4CF60C32A97AC9F009FCEE3 /* ContentView.swift */; };
		D4CF60C62A97ACA1009FCEE3 /* Assets.xcassets in Resources */ = {isa = PBXBuildFile; fileRef = D4CF60C52A97ACA1009FCEE3 /* Assets.xcassets */; };
		D4CF60C92A97ACA1009FCEE3 /* Preview Assets.xcassets in Resources */ = {isa = PBXBuildFile; fileRef = D4CF60C82A97ACA1009FCEE3 /* Preview Assets.xcassets */; };
		D4CF60D32A97ACA1009FCEE3 /* DottedCanvasTests.swift in Sources */ = {isa = PBXBuildFile; fileRef = D4CF60D22A97ACA1009FCEE3 /* DottedCanvasTests.swift */; };
		D4CF60DD2A97ACA1009FCEE3 /* DottedCanvasUITests.swift in Sources */ = {isa = PBXBuildFile; fileRef = D4CF60DC2A97ACA1009FCEE3 /* DottedCanvasUITests.swift */; };
		D4CF60DF2A97ACA1009FCEE3 /* DottedCanvasUITestsLaunchTests.swift in Sources */ = {isa = PBXBuildFile; fileRef = D4CF60DE2A97ACA1009FCEE3 /* DottedCanvasUITestsLaunchTests.swift */; };
		D4CF60F62A97B121009FCEE3 /* TextExtensions.swift in Sources */ = {isa = PBXBuildFile; fileRef = D4CF60F22A97B11F009FCEE3 /* TextExtensions.swift */; };
		D4CF60F72A97B121009FCEE3 /* ImageExtensions.swift in Sources */ = {isa = PBXBuildFile; fileRef = D4CF60F32A97B11F009FCEE3 /* ImageExtensions.swift */; };
		D4CF60F82A97B121009FCEE3 /* UIColorExtensions.swift in Sources */ = {isa = PBXBuildFile; fileRef = D4CF60F42A97B120009FCEE3 /* UIColorExtensions.swift */; };
		D4CF60F92A97B121009FCEE3 /* UIImageExtensions.swift in Sources */ = {isa = PBXBuildFile; fileRef = D4CF60F52A97B121009FCEE3 /* UIImageExtensions.swift */; };
		D4CF60FC2A97B12E009FCEE3 /* IntSlider.swift in Sources */ = {isa = PBXBuildFile; fileRef = D4CF60FA2A97B12D009FCEE3 /* IntSlider.swift */; };
		D4CF60FD2A97B12E009FCEE3 /* SliderStyle.swift in Sources */ = {isa = PBXBuildFile; fileRef = D4CF60FB2A97B12D009FCEE3 /* SliderStyle.swift */; };
		D4CF60FF2A97B13D009FCEE3 /* SubImageData.swift in Sources */ = {isa = PBXBuildFile; fileRef = D4CF60FE2A97B13D009FCEE3 /* SubImageData.swift */; };
		D4CF61012A97B14A009FCEE3 /* TimeStampFormatter.swift in Sources */ = {isa = PBXBuildFile; fileRef = D4CF61002A97B149009FCEE3 /* TimeStampFormatter.swift */; };
		D4CF61062A97B158009FCEE3 /* MainImagePreviewView.swift in Sources */ = {isa = PBXBuildFile; fileRef = D4CF61022A97B157009FCEE3 /* MainImagePreviewView.swift */; };
		D4CF61072A97B158009FCEE3 /* SubImageListItem.swift in Sources */ = {isa = PBXBuildFile; fileRef = D4CF61032A97B157009FCEE3 /* SubImageListItem.swift */; };
		D4CF61082A97B158009FCEE3 /* SubImageListView.swift in Sources */ = {isa = PBXBuildFile; fileRef = D4CF61042A97B158009FCEE3 /* SubImageListView.swift */; };
		D4CF61092A97B158009FCEE3 /* Toolbar.swift in Sources */ = {isa = PBXBuildFile; fileRef = D4CF61052A97B158009FCEE3 /* Toolbar.swift */; };
		D4CF610B2A97B15F009FCEE3 /* DotImageViewModel.swift in Sources */ = {isa = PBXBuildFile; fileRef = D4CF610A2A97B15F009FCEE3 /* DotImageViewModel.swift */; };
		D4CF610D2A97B1C7009FCEE3 /* ColorAssets.xcassets in Resources */ = {isa = PBXBuildFile; fileRef = D4CF610C2A97B1C7009FCEE3 /* ColorAssets.xcassets */; };
		D4CF610F2A97B1FE009FCEE3 /* GlobalData.swift in Sources */ = {isa = PBXBuildFile; fileRef = D4CF610E2A97B1FE009FCEE3 /* GlobalData.swift */; };
		D4CF61112A97B205009FCEE3 /* DottedCanvasView.swift in Sources */ = {isa = PBXBuildFile; fileRef = D4CF61102A97B205009FCEE3 /* DottedCanvasView.swift */; };
		D4CF61132A97B524009FCEE3 /* TwoRowsSliderView.swift in Sources */ = {isa = PBXBuildFile; fileRef = D4CF61122A97B524009FCEE3 /* TwoRowsSliderView.swift */; };
		D4CF61152A97B54A009FCEE3 /* DotImageCreationData.swift in Sources */ = {isa = PBXBuildFile; fileRef = D4CF61142A97B54A009FCEE3 /* DotImageCreationData.swift */; };
		D4CF61172A97B5EF009FCEE3 /* DotImageCreationView.swift in Sources */ = {isa = PBXBuildFile; fileRef = D4CF61162A97B5EF009FCEE3 /* DotImageCreationView.swift */; };
		D4CF61192A97B64A009FCEE3 /* SubImagePreviewView.swift in Sources */ = {isa = PBXBuildFile; fileRef = D4CF61182A97B64A009FCEE3 /* SubImagePreviewView.swift */; };
		D4CF611B2A98BD43009FCEE3 /* LoadingDialog.swift in Sources */ = {isa = PBXBuildFile; fileRef = D4CF611A2A98BD43009FCEE3 /* LoadingDialog.swift */; };
/* End PBXBuildFile section */

/* Begin PBXContainerItemProxy section */
		D4CF60CF2A97ACA1009FCEE3 /* PBXContainerItemProxy */ = {
			isa = PBXContainerItemProxy;
			containerPortal = D4CF60B62A97AC9F009FCEE3 /* Project object */;
			proxyType = 1;
			remoteGlobalIDString = D4CF60BD2A97AC9F009FCEE3;
			remoteInfo = DottedCanvas;
		};
		D4CF60D92A97ACA1009FCEE3 /* PBXContainerItemProxy */ = {
			isa = PBXContainerItemProxy;
			containerPortal = D4CF60B62A97AC9F009FCEE3 /* Project object */;
			proxyType = 1;
			remoteGlobalIDString = D4CF60BD2A97AC9F009FCEE3;
			remoteInfo = DottedCanvas;
		};
/* End PBXContainerItemProxy section */

/* Begin PBXFileReference section */
		D41DF72F2A98C0E10063202F /* Snackbar.swift */ = {isa = PBXFileReference; lastKnownFileType = sourcecode.swift; path = Snackbar.swift; sourceTree = "<group>"; };
		D4A91A052A9CBD3600CE13A0 /* Input.swift */ = {isa = PBXFileReference; lastKnownFileType = sourcecode.swift; path = Input.swift; sourceTree = "<group>"; };
		D4B0C38F2AA2CEF80005CF50 /* DocumentsFolderView.swift */ = {isa = PBXFileReference; lastKnownFileType = sourcecode.swift; path = DocumentsFolderView.swift; sourceTree = "<group>"; };
		D4B0C3972AA2D5CE0005CF50 /* DocumentsFolderFileData.swift */ = {isa = PBXFileReference; lastKnownFileType = sourcecode.swift; path = DocumentsFolderFileData.swift; sourceTree = "<group>"; };
		D4B0C3992AA2D6540005CF50 /* DocumentsFolderFileViewModel.swift */ = {isa = PBXFileReference; lastKnownFileType = sourcecode.swift; path = DocumentsFolderFileViewModel.swift; sourceTree = "<group>"; };
		D4B498702AA49B82002133E4 /* ViewModifiers.swift */ = {isa = PBXFileReference; lastKnownFileType = sourcecode.swift; path = ViewModifiers.swift; sourceTree = "<group>"; };
		D4BDAC7F2A99DC9400A765CA /* SubImageCodableData.swift */ = {isa = PBXFileReference; lastKnownFileType = sourcecode.swift; path = SubImageCodableData.swift; sourceTree = "<group>"; };
		D4BDAC812A99DF1200A765CA /* DotImageCodableData.swift */ = {isa = PBXFileReference; lastKnownFileType = sourcecode.swift; path = DotImageCodableData.swift; sourceTree = "<group>"; };
		D4BDAC842A99E27900A765CA /* Output.swift */ = {isa = PBXFileReference; lastKnownFileType = sourcecode.swift; path = Output.swift; sourceTree = "<group>"; };
		D4BDAC862A99E39700A765CA /* FileManagerExtensions.swift */ = {isa = PBXFileReference; lastKnownFileType = sourcecode.swift; path = FileManagerExtensions.swift; sourceTree = "<group>"; };
		D4BDAC882A99E4FA00A765CA /* URLExtensions.swift */ = {isa = PBXFileReference; lastKnownFileType = sourcecode.swift; path = URLExtensions.swift; sourceTree = "<group>"; };
		D4BDAC8A2A99E7B200A765CA /* CalendarExtensions.swift */ = {isa = PBXFileReference; lastKnownFileType = sourcecode.swift; path = CalendarExtensions.swift; sourceTree = "<group>"; };
		D4BDAE5A2A9A04A100A765CA /* DotImageData.swift */ = {isa = PBXFileReference; lastKnownFileType = sourcecode.swift; path = DotImageData.swift; sourceTree = "<group>"; };
		D4BDAE5F2A9A172500A765CA /* Info.plist */ = {isa = PBXFileReference; lastKnownFileType = text.plist; path = Info.plist; sourceTree = "<group>"; };
		D4CF60BE2A97AC9F009FCEE3 /* DottedCanvas.app */ = {isa = PBXFileReference; explicitFileType = wrapper.application; includeInIndex = 0; path = DottedCanvas.app; sourceTree = BUILT_PRODUCTS_DIR; };
		D4CF60C12A97AC9F009FCEE3 /* DottedCanvasApp.swift */ = {isa = PBXFileReference; lastKnownFileType = sourcecode.swift; path = DottedCanvasApp.swift; sourceTree = "<group>"; };
		D4CF60C32A97AC9F009FCEE3 /* ContentView.swift */ = {isa = PBXFileReference; lastKnownFileType = sourcecode.swift; path = ContentView.swift; sourceTree = "<group>"; };
		D4CF60C52A97ACA1009FCEE3 /* Assets.xcassets */ = {isa = PBXFileReference; lastKnownFileType = folder.assetcatalog; path = Assets.xcassets; sourceTree = "<group>"; };
		D4CF60C82A97ACA1009FCEE3 /* Preview Assets.xcassets */ = {isa = PBXFileReference; lastKnownFileType = folder.assetcatalog; path = "Preview Assets.xcassets"; sourceTree = "<group>"; };
		D4CF60CE2A97ACA1009FCEE3 /* DottedCanvasTests.xctest */ = {isa = PBXFileReference; explicitFileType = wrapper.cfbundle; includeInIndex = 0; path = DottedCanvasTests.xctest; sourceTree = BUILT_PRODUCTS_DIR; };
		D4CF60D22A97ACA1009FCEE3 /* DottedCanvasTests.swift */ = {isa = PBXFileReference; lastKnownFileType = sourcecode.swift; path = DottedCanvasTests.swift; sourceTree = "<group>"; };
		D4CF60D82A97ACA1009FCEE3 /* DottedCanvasUITests.xctest */ = {isa = PBXFileReference; explicitFileType = wrapper.cfbundle; includeInIndex = 0; path = DottedCanvasUITests.xctest; sourceTree = BUILT_PRODUCTS_DIR; };
		D4CF60DC2A97ACA1009FCEE3 /* DottedCanvasUITests.swift */ = {isa = PBXFileReference; lastKnownFileType = sourcecode.swift; path = DottedCanvasUITests.swift; sourceTree = "<group>"; };
		D4CF60DE2A97ACA1009FCEE3 /* DottedCanvasUITestsLaunchTests.swift */ = {isa = PBXFileReference; lastKnownFileType = sourcecode.swift; path = DottedCanvasUITestsLaunchTests.swift; sourceTree = "<group>"; };
		D4CF60F22A97B11F009FCEE3 /* TextExtensions.swift */ = {isa = PBXFileReference; fileEncoding = 4; lastKnownFileType = sourcecode.swift; path = TextExtensions.swift; sourceTree = "<group>"; };
		D4CF60F32A97B11F009FCEE3 /* ImageExtensions.swift */ = {isa = PBXFileReference; fileEncoding = 4; lastKnownFileType = sourcecode.swift; path = ImageExtensions.swift; sourceTree = "<group>"; };
		D4CF60F42A97B120009FCEE3 /* UIColorExtensions.swift */ = {isa = PBXFileReference; fileEncoding = 4; lastKnownFileType = sourcecode.swift; path = UIColorExtensions.swift; sourceTree = "<group>"; };
		D4CF60F52A97B121009FCEE3 /* UIImageExtensions.swift */ = {isa = PBXFileReference; fileEncoding = 4; lastKnownFileType = sourcecode.swift; path = UIImageExtensions.swift; sourceTree = "<group>"; };
		D4CF60FA2A97B12D009FCEE3 /* IntSlider.swift */ = {isa = PBXFileReference; fileEncoding = 4; lastKnownFileType = sourcecode.swift; path = IntSlider.swift; sourceTree = "<group>"; };
		D4CF60FB2A97B12D009FCEE3 /* SliderStyle.swift */ = {isa = PBXFileReference; fileEncoding = 4; lastKnownFileType = sourcecode.swift; path = SliderStyle.swift; sourceTree = "<group>"; };
		D4CF60FE2A97B13D009FCEE3 /* SubImageData.swift */ = {isa = PBXFileReference; fileEncoding = 4; lastKnownFileType = sourcecode.swift; path = SubImageData.swift; sourceTree = "<group>"; };
		D4CF61002A97B149009FCEE3 /* TimeStampFormatter.swift */ = {isa = PBXFileReference; fileEncoding = 4; lastKnownFileType = sourcecode.swift; path = TimeStampFormatter.swift; sourceTree = "<group>"; };
		D4CF61022A97B157009FCEE3 /* MainImagePreviewView.swift */ = {isa = PBXFileReference; fileEncoding = 4; lastKnownFileType = sourcecode.swift; path = MainImagePreviewView.swift; sourceTree = "<group>"; };
		D4CF61032A97B157009FCEE3 /* SubImageListItem.swift */ = {isa = PBXFileReference; fileEncoding = 4; lastKnownFileType = sourcecode.swift; path = SubImageListItem.swift; sourceTree = "<group>"; };
		D4CF61042A97B158009FCEE3 /* SubImageListView.swift */ = {isa = PBXFileReference; fileEncoding = 4; lastKnownFileType = sourcecode.swift; path = SubImageListView.swift; sourceTree = "<group>"; };
		D4CF61052A97B158009FCEE3 /* Toolbar.swift */ = {isa = PBXFileReference; fileEncoding = 4; lastKnownFileType = sourcecode.swift; path = Toolbar.swift; sourceTree = "<group>"; };
		D4CF610A2A97B15F009FCEE3 /* DotImageViewModel.swift */ = {isa = PBXFileReference; fileEncoding = 4; lastKnownFileType = sourcecode.swift; path = DotImageViewModel.swift; sourceTree = "<group>"; };
		D4CF610C2A97B1C7009FCEE3 /* ColorAssets.xcassets */ = {isa = PBXFileReference; lastKnownFileType = folder.assetcatalog; path = ColorAssets.xcassets; sourceTree = "<group>"; };
		D4CF610E2A97B1FE009FCEE3 /* GlobalData.swift */ = {isa = PBXFileReference; fileEncoding = 4; lastKnownFileType = sourcecode.swift; path = GlobalData.swift; sourceTree = "<group>"; };
		D4CF61102A97B205009FCEE3 /* DottedCanvasView.swift */ = {isa = PBXFileReference; fileEncoding = 4; lastKnownFileType = sourcecode.swift; path = DottedCanvasView.swift; sourceTree = "<group>"; };
		D4CF61122A97B524009FCEE3 /* TwoRowsSliderView.swift */ = {isa = PBXFileReference; lastKnownFileType = sourcecode.swift; path = TwoRowsSliderView.swift; sourceTree = "<group>"; };
		D4CF61142A97B54A009FCEE3 /* DotImageCreationData.swift */ = {isa = PBXFileReference; lastKnownFileType = sourcecode.swift; path = DotImageCreationData.swift; sourceTree = "<group>"; };
		D4CF61162A97B5EF009FCEE3 /* DotImageCreationView.swift */ = {isa = PBXFileReference; lastKnownFileType = sourcecode.swift; path = DotImageCreationView.swift; sourceTree = "<group>"; };
		D4CF61182A97B64A009FCEE3 /* SubImagePreviewView.swift */ = {isa = PBXFileReference; lastKnownFileType = sourcecode.swift; path = SubImagePreviewView.swift; sourceTree = "<group>"; };
		D4CF611A2A98BD43009FCEE3 /* LoadingDialog.swift */ = {isa = PBXFileReference; lastKnownFileType = sourcecode.swift; path = LoadingDialog.swift; sourceTree = "<group>"; };
/* End PBXFileReference section */

/* Begin PBXFrameworksBuildPhase section */
		D4CF60BB2A97AC9F009FCEE3 /* Frameworks */ = {
			isa = PBXFrameworksBuildPhase;
			buildActionMask = 2147483647;
			files = (
				D4BDAE5E2A9A165600A765CA /* ZipArchive in Frameworks */,
			);
			runOnlyForDeploymentPostprocessing = 0;
		};
		D4CF60CB2A97ACA1009FCEE3 /* Frameworks */ = {
			isa = PBXFrameworksBuildPhase;
			buildActionMask = 2147483647;
			files = (
			);
			runOnlyForDeploymentPostprocessing = 0;
		};
		D4CF60D52A97ACA1009FCEE3 /* Frameworks */ = {
			isa = PBXFrameworksBuildPhase;
			buildActionMask = 2147483647;
			files = (
			);
			runOnlyForDeploymentPostprocessing = 0;
		};
/* End PBXFrameworksBuildPhase section */

/* Begin PBXGroup section */
		D4B4986F2AA49B62002133E4 /* ViewModifiers */ = {
			isa = PBXGroup;
			children = (
				D4B498702AA49B82002133E4 /* ViewModifiers.swift */,
			);
			path = ViewModifiers;
			sourceTree = "<group>";
		};
		D4BDAC832A99E26F00A765CA /* IO */ = {
			isa = PBXGroup;
			children = (
				D4BDAC842A99E27900A765CA /* Output.swift */,
				D4A91A052A9CBD3600CE13A0 /* Input.swift */,
			);
			path = IO;
			sourceTree = "<group>";
		};
		D4CF60B52A97AC9F009FCEE3 = {
			isa = PBXGroup;
			children = (
				D4CF60C02A97AC9F009FCEE3 /* DottedCanvas */,
				D4CF60D12A97ACA1009FCEE3 /* DottedCanvasTests */,
				D4CF60DB2A97ACA1009FCEE3 /* DottedCanvasUITests */,
				D4CF60BF2A97AC9F009FCEE3 /* Products */,
			);
			sourceTree = "<group>";
		};
		D4CF60BF2A97AC9F009FCEE3 /* Products */ = {
			isa = PBXGroup;
			children = (
				D4CF60BE2A97AC9F009FCEE3 /* DottedCanvas.app */,
				D4CF60CE2A97ACA1009FCEE3 /* DottedCanvasTests.xctest */,
				D4CF60D82A97ACA1009FCEE3 /* DottedCanvasUITests.xctest */,
			);
			name = Products;
			sourceTree = "<group>";
		};
		D4CF60C02A97AC9F009FCEE3 /* DottedCanvas */ = {
			isa = PBXGroup;
			children = (
				D4BDAE5F2A9A172500A765CA /* Info.plist */,
				D4CF60ED2A97B0DA009FCEE3 /* Components */,
				D4CF60EE2A97B0E5009FCEE3 /* Data */,
				D4CF60EC2A97AE1C009FCEE3 /* Extensions */,
				D4BDAC832A99E26F00A765CA /* IO */,
				D4CF60F02A97B0F7009FCEE3 /* View */,
				D4CF60F12A97B0FF009FCEE3 /* ViewModel */,
				D4B4986F2AA49B62002133E4 /* ViewModifiers */,
				D4CF60EF2A97B0EE009FCEE3 /* Utils */,
				D4CF610E2A97B1FE009FCEE3 /* GlobalData.swift */,
				D4CF60C12A97AC9F009FCEE3 /* DottedCanvasApp.swift */,
				D4CF60C32A97AC9F009FCEE3 /* ContentView.swift */,
				D4CF61102A97B205009FCEE3 /* DottedCanvasView.swift */,
				D4CF60C52A97ACA1009FCEE3 /* Assets.xcassets */,
				D4CF610C2A97B1C7009FCEE3 /* ColorAssets.xcassets */,
				D4CF60C72A97ACA1009FCEE3 /* Preview Content */,
			);
			path = DottedCanvas;
			sourceTree = "<group>";
		};
		D4CF60C72A97ACA1009FCEE3 /* Preview Content */ = {
			isa = PBXGroup;
			children = (
				D4CF60C82A97ACA1009FCEE3 /* Preview Assets.xcassets */,
			);
			path = "Preview Content";
			sourceTree = "<group>";
		};
		D4CF60D12A97ACA1009FCEE3 /* DottedCanvasTests */ = {
			isa = PBXGroup;
			children = (
				D4CF60D22A97ACA1009FCEE3 /* DottedCanvasTests.swift */,
			);
			path = DottedCanvasTests;
			sourceTree = "<group>";
		};
		D4CF60DB2A97ACA1009FCEE3 /* DottedCanvasUITests */ = {
			isa = PBXGroup;
			children = (
				D4CF60DC2A97ACA1009FCEE3 /* DottedCanvasUITests.swift */,
				D4CF60DE2A97ACA1009FCEE3 /* DottedCanvasUITestsLaunchTests.swift */,
			);
			path = DottedCanvasUITests;
			sourceTree = "<group>";
		};
		D4CF60EC2A97AE1C009FCEE3 /* Extensions */ = {
			isa = PBXGroup;
			children = (
				D4CF60F32A97B11F009FCEE3 /* ImageExtensions.swift */,
				D4CF60F22A97B11F009FCEE3 /* TextExtensions.swift */,
				D4CF60F42A97B120009FCEE3 /* UIColorExtensions.swift */,
				D4CF60F52A97B121009FCEE3 /* UIImageExtensions.swift */,
				D4BDAC862A99E39700A765CA /* FileManagerExtensions.swift */,
				D4BDAC882A99E4FA00A765CA /* URLExtensions.swift */,
				D4BDAC8A2A99E7B200A765CA /* CalendarExtensions.swift */,
			);
			path = Extensions;
			sourceTree = "<group>";
		};
		D4CF60ED2A97B0DA009FCEE3 /* Components */ = {
			isa = PBXGroup;
			children = (
				D4CF60FA2A97B12D009FCEE3 /* IntSlider.swift */,
				D4CF60FB2A97B12D009FCEE3 /* SliderStyle.swift */,
				D4CF61122A97B524009FCEE3 /* TwoRowsSliderView.swift */,
			);
			path = Components;
			sourceTree = "<group>";
		};
		D4CF60EE2A97B0E5009FCEE3 /* Data */ = {
			isa = PBXGroup;
			children = (
				D4CF60FE2A97B13D009FCEE3 /* SubImageData.swift */,
				D4BDAC7F2A99DC9400A765CA /* SubImageCodableData.swift */,
				D4B0C3972AA2D5CE0005CF50 /* DocumentsFolderFileData.swift */,
				D4BDAE5A2A9A04A100A765CA /* DotImageData.swift */,
				D4BDAC812A99DF1200A765CA /* DotImageCodableData.swift */,
				D4CF61142A97B54A009FCEE3 /* DotImageCreationData.swift */,
			);
			path = Data;
			sourceTree = "<group>";
		};
		D4CF60EF2A97B0EE009FCEE3 /* Utils */ = {
			isa = PBXGroup;
			children = (
				D4CF61002A97B149009FCEE3 /* TimeStampFormatter.swift */,
			);
			path = Utils;
			sourceTree = "<group>";
		};
		D4CF60F02A97B0F7009FCEE3 /* View */ = {
			isa = PBXGroup;
			children = (
				D4CF61022A97B157009FCEE3 /* MainImagePreviewView.swift */,
				D4CF61032A97B157009FCEE3 /* SubImageListItem.swift */,
				D4CF61042A97B158009FCEE3 /* SubImageListView.swift */,
				D4CF61182A97B64A009FCEE3 /* SubImagePreviewView.swift */,
				D4CF61052A97B158009FCEE3 /* Toolbar.swift */,
				D4CF61162A97B5EF009FCEE3 /* DotImageCreationView.swift */,
				D4CF611A2A98BD43009FCEE3 /* LoadingDialog.swift */,
				D41DF72F2A98C0E10063202F /* Snackbar.swift */,
				D4B0C38F2AA2CEF80005CF50 /* DocumentsFolderView.swift */,
			);
			path = View;
			sourceTree = "<group>";
		};
		D4CF60F12A97B0FF009FCEE3 /* ViewModel */ = {
			isa = PBXGroup;
			children = (
				D4CF610A2A97B15F009FCEE3 /* DotImageViewModel.swift */,
				D4B0C3992AA2D6540005CF50 /* DocumentsFolderFileViewModel.swift */,
			);
			path = ViewModel;
			sourceTree = "<group>";
		};
/* End PBXGroup section */

/* Begin PBXNativeTarget section */
		D4CF60BD2A97AC9F009FCEE3 /* DottedCanvas */ = {
			isa = PBXNativeTarget;
			buildConfigurationList = D4CF60E22A97ACA1009FCEE3 /* Build configuration list for PBXNativeTarget "DottedCanvas" */;
			buildPhases = (
				D4CF60BA2A97AC9F009FCEE3 /* Sources */,
				D4CF60BB2A97AC9F009FCEE3 /* Frameworks */,
				D4CF60BC2A97AC9F009FCEE3 /* Resources */,
				D4CF60EB2A97AD1F009FCEE3 /* Swiftlint */,
			);
			buildRules = (
			);
			dependencies = (
			);
			name = DottedCanvas;
			packageProductDependencies = (
				D4BDAE5D2A9A165600A765CA /* ZipArchive */,
			);
			productName = DottedCanvas;
			productReference = D4CF60BE2A97AC9F009FCEE3 /* DottedCanvas.app */;
			productType = "com.apple.product-type.application";
		};
		D4CF60CD2A97ACA1009FCEE3 /* DottedCanvasTests */ = {
			isa = PBXNativeTarget;
			buildConfigurationList = D4CF60E52A97ACA1009FCEE3 /* Build configuration list for PBXNativeTarget "DottedCanvasTests" */;
			buildPhases = (
				D4CF60CA2A97ACA1009FCEE3 /* Sources */,
				D4CF60CB2A97ACA1009FCEE3 /* Frameworks */,
				D4CF60CC2A97ACA1009FCEE3 /* Resources */,
			);
			buildRules = (
			);
			dependencies = (
				D4CF60D02A97ACA1009FCEE3 /* PBXTargetDependency */,
			);
			name = DottedCanvasTests;
			productName = DottedCanvasTests;
			productReference = D4CF60CE2A97ACA1009FCEE3 /* DottedCanvasTests.xctest */;
			productType = "com.apple.product-type.bundle.unit-test";
		};
		D4CF60D72A97ACA1009FCEE3 /* DottedCanvasUITests */ = {
			isa = PBXNativeTarget;
			buildConfigurationList = D4CF60E82A97ACA1009FCEE3 /* Build configuration list for PBXNativeTarget "DottedCanvasUITests" */;
			buildPhases = (
				D4CF60D42A97ACA1009FCEE3 /* Sources */,
				D4CF60D52A97ACA1009FCEE3 /* Frameworks */,
				D4CF60D62A97ACA1009FCEE3 /* Resources */,
			);
			buildRules = (
			);
			dependencies = (
				D4CF60DA2A97ACA1009FCEE3 /* PBXTargetDependency */,
			);
			name = DottedCanvasUITests;
			productName = DottedCanvasUITests;
			productReference = D4CF60D82A97ACA1009FCEE3 /* DottedCanvasUITests.xctest */;
			productType = "com.apple.product-type.bundle.ui-testing";
		};
/* End PBXNativeTarget section */

/* Begin PBXProject section */
		D4CF60B62A97AC9F009FCEE3 /* Project object */ = {
			isa = PBXProject;
			attributes = {
				BuildIndependentTargetsInParallel = 1;
				LastSwiftUpdateCheck = 1430;
				LastUpgradeCheck = 1430;
				TargetAttributes = {
					D4CF60BD2A97AC9F009FCEE3 = {
						CreatedOnToolsVersion = 14.3;
					};
					D4CF60CD2A97ACA1009FCEE3 = {
						CreatedOnToolsVersion = 14.3;
						TestTargetID = D4CF60BD2A97AC9F009FCEE3;
					};
					D4CF60D72A97ACA1009FCEE3 = {
						CreatedOnToolsVersion = 14.3;
						TestTargetID = D4CF60BD2A97AC9F009FCEE3;
					};
				};
			};
			buildConfigurationList = D4CF60B92A97AC9F009FCEE3 /* Build configuration list for PBXProject "DottedCanvas" */;
			compatibilityVersion = "Xcode 14.0";
			developmentRegion = en;
			hasScannedForEncodings = 0;
			knownRegions = (
				en,
				Base,
			);
			mainGroup = D4CF60B52A97AC9F009FCEE3;
			packageReferences = (
				D4BDAE5C2A9A165600A765CA /* XCRemoteSwiftPackageReference "ZipArchive" */,
			);
			productRefGroup = D4CF60BF2A97AC9F009FCEE3 /* Products */;
			projectDirPath = "";
			projectRoot = "";
			targets = (
				D4CF60BD2A97AC9F009FCEE3 /* DottedCanvas */,
				D4CF60CD2A97ACA1009FCEE3 /* DottedCanvasTests */,
				D4CF60D72A97ACA1009FCEE3 /* DottedCanvasUITests */,
			);
		};
/* End PBXProject section */

/* Begin PBXResourcesBuildPhase section */
		D4CF60BC2A97AC9F009FCEE3 /* Resources */ = {
			isa = PBXResourcesBuildPhase;
			buildActionMask = 2147483647;
			files = (
				D4CF60C92A97ACA1009FCEE3 /* Preview Assets.xcassets in Resources */,
				D4CF610D2A97B1C7009FCEE3 /* ColorAssets.xcassets in Resources */,
				D4CF60C62A97ACA1009FCEE3 /* Assets.xcassets in Resources */,
			);
			runOnlyForDeploymentPostprocessing = 0;
		};
		D4CF60CC2A97ACA1009FCEE3 /* Resources */ = {
			isa = PBXResourcesBuildPhase;
			buildActionMask = 2147483647;
			files = (
			);
			runOnlyForDeploymentPostprocessing = 0;
		};
		D4CF60D62A97ACA1009FCEE3 /* Resources */ = {
			isa = PBXResourcesBuildPhase;
			buildActionMask = 2147483647;
			files = (
			);
			runOnlyForDeploymentPostprocessing = 0;
		};
/* End PBXResourcesBuildPhase section */

/* Begin PBXShellScriptBuildPhase section */
		D4CF60EB2A97AD1F009FCEE3 /* Swiftlint */ = {
			isa = PBXShellScriptBuildPhase;
			alwaysOutOfDate = 1;
			buildActionMask = 2147483647;
			files = (
			);
			inputFileListPaths = (
			);
			inputPaths = (
			);
			name = Swiftlint;
			outputFileListPaths = (
			);
			outputPaths = (
			);
			runOnlyForDeploymentPostprocessing = 0;
			shellPath = /bin/sh;
			shellScript = "if which swiftlint >/dev/null; then\n  swiftlint\nelse\n  echo \"SwiftLint does not exist, download from https://github.com/realm/SwiftLint\"\nfi\n";
		};
/* End PBXShellScriptBuildPhase section */

/* Begin PBXSourcesBuildPhase section */
		D4CF60BA2A97AC9F009FCEE3 /* Sources */ = {
			isa = PBXSourcesBuildPhase;
			buildActionMask = 2147483647;
			files = (
				D4BDAC802A99DC9400A765CA /* SubImageCodableData.swift in Sources */,
				D4BDAC872A99E39700A765CA /* FileManagerExtensions.swift in Sources */,
				D4BDAC892A99E4FA00A765CA /* URLExtensions.swift in Sources */,
				D4CF60FD2A97B12E009FCEE3 /* SliderStyle.swift in Sources */,
				D41DF7302A98C0E10063202F /* Snackbar.swift in Sources */,
				D4CF61132A97B524009FCEE3 /* TwoRowsSliderView.swift in Sources */,
				D4CF611B2A98BD43009FCEE3 /* LoadingDialog.swift in Sources */,
				D4B0C39A2AA2D6540005CF50 /* DocumentsFolderFileViewModel.swift in Sources */,
				D4CF61072A97B158009FCEE3 /* SubImageListItem.swift in Sources */,
				D4CF61172A97B5EF009FCEE3 /* DotImageCreationView.swift in Sources */,
				D4CF60FF2A97B13D009FCEE3 /* SubImageData.swift in Sources */,
				D4BDAC822A99DF1200A765CA /* DotImageCodableData.swift in Sources */,
				D4CF60C42A97AC9F009FCEE3 /* ContentView.swift in Sources */,
				D4B0C3982AA2D5CE0005CF50 /* DocumentsFolderFileData.swift in Sources */,
				D4CF61192A97B64A009FCEE3 /* SubImagePreviewView.swift in Sources */,
				D4B498712AA49B82002133E4 /* ViewModifiers.swift in Sources */,
				D4CF60F62A97B121009FCEE3 /* TextExtensions.swift in Sources */,
				D4CF610B2A97B15F009FCEE3 /* DotImageViewModel.swift in Sources */,
				D4BDAC852A99E27900A765CA /* Output.swift in Sources */,
				D4CF610F2A97B1FE009FCEE3 /* GlobalData.swift in Sources */,
				D4BDAE5B2A9A04A100A765CA /* DotImageData.swift in Sources */,
				D4CF61112A97B205009FCEE3 /* DottedCanvasView.swift in Sources */,
				D4CF61062A97B158009FCEE3 /* MainImagePreviewView.swift in Sources */,
				D4CF61152A97B54A009FCEE3 /* DotImageCreationData.swift in Sources */,
				D4CF60C22A97AC9F009FCEE3 /* DottedCanvasApp.swift in Sources */,
				D4A91A062A9CBD3600CE13A0 /* Input.swift in Sources */,
				D4CF61092A97B158009FCEE3 /* Toolbar.swift in Sources */,
				D4CF60F92A97B121009FCEE3 /* UIImageExtensions.swift in Sources */,
				D4CF60F72A97B121009FCEE3 /* ImageExtensions.swift in Sources */,
				D4BDAC8B2A99E7B200A765CA /* CalendarExtensions.swift in Sources */,
				D4CF61082A97B158009FCEE3 /* SubImageListView.swift in Sources */,
				D4CF60FC2A97B12E009FCEE3 /* IntSlider.swift in Sources */,
				D4B0C3902AA2CEF80005CF50 /* DocumentsFolderView.swift in Sources */,
				D4CF60F82A97B121009FCEE3 /* UIColorExtensions.swift in Sources */,
				D4CF61012A97B14A009FCEE3 /* TimeStampFormatter.swift in Sources */,
			);
			runOnlyForDeploymentPostprocessing = 0;
		};
		D4CF60CA2A97ACA1009FCEE3 /* Sources */ = {
			isa = PBXSourcesBuildPhase;
			buildActionMask = 2147483647;
			files = (
				D4CF60D32A97ACA1009FCEE3 /* DottedCanvasTests.swift in Sources */,
			);
			runOnlyForDeploymentPostprocessing = 0;
		};
		D4CF60D42A97ACA1009FCEE3 /* Sources */ = {
			isa = PBXSourcesBuildPhase;
			buildActionMask = 2147483647;
			files = (
				D4CF60DF2A97ACA1009FCEE3 /* DottedCanvasUITestsLaunchTests.swift in Sources */,
				D4CF60DD2A97ACA1009FCEE3 /* DottedCanvasUITests.swift in Sources */,
			);
			runOnlyForDeploymentPostprocessing = 0;
		};
/* End PBXSourcesBuildPhase section */

/* Begin PBXTargetDependency section */
		D4CF60D02A97ACA1009FCEE3 /* PBXTargetDependency */ = {
			isa = PBXTargetDependency;
			target = D4CF60BD2A97AC9F009FCEE3 /* DottedCanvas */;
			targetProxy = D4CF60CF2A97ACA1009FCEE3 /* PBXContainerItemProxy */;
		};
		D4CF60DA2A97ACA1009FCEE3 /* PBXTargetDependency */ = {
			isa = PBXTargetDependency;
			target = D4CF60BD2A97AC9F009FCEE3 /* DottedCanvas */;
			targetProxy = D4CF60D92A97ACA1009FCEE3 /* PBXContainerItemProxy */;
		};
/* End PBXTargetDependency section */

/* Begin XCBuildConfiguration section */
		D4CF60E02A97ACA1009FCEE3 /* Debug */ = {
			isa = XCBuildConfiguration;
			buildSettings = {
				ALWAYS_SEARCH_USER_PATHS = NO;
				CLANG_ANALYZER_NONNULL = YES;
				CLANG_ANALYZER_NUMBER_OBJECT_CONVERSION = YES_AGGRESSIVE;
				CLANG_CXX_LANGUAGE_STANDARD = "gnu++20";
				CLANG_ENABLE_MODULES = YES;
				CLANG_ENABLE_OBJC_ARC = YES;
				CLANG_ENABLE_OBJC_WEAK = YES;
				CLANG_WARN_BLOCK_CAPTURE_AUTORELEASING = YES;
				CLANG_WARN_BOOL_CONVERSION = YES;
				CLANG_WARN_COMMA = YES;
				CLANG_WARN_CONSTANT_CONVERSION = YES;
				CLANG_WARN_DEPRECATED_OBJC_IMPLEMENTATIONS = YES;
				CLANG_WARN_DIRECT_OBJC_ISA_USAGE = YES_ERROR;
				CLANG_WARN_DOCUMENTATION_COMMENTS = YES;
				CLANG_WARN_EMPTY_BODY = YES;
				CLANG_WARN_ENUM_CONVERSION = YES;
				CLANG_WARN_INFINITE_RECURSION = YES;
				CLANG_WARN_INT_CONVERSION = YES;
				CLANG_WARN_NON_LITERAL_NULL_CONVERSION = YES;
				CLANG_WARN_OBJC_IMPLICIT_RETAIN_SELF = YES;
				CLANG_WARN_OBJC_LITERAL_CONVERSION = YES;
				CLANG_WARN_OBJC_ROOT_CLASS = YES_ERROR;
				CLANG_WARN_QUOTED_INCLUDE_IN_FRAMEWORK_HEADER = YES;
				CLANG_WARN_RANGE_LOOP_ANALYSIS = YES;
				CLANG_WARN_STRICT_PROTOTYPES = YES;
				CLANG_WARN_SUSPICIOUS_MOVE = YES;
				CLANG_WARN_UNGUARDED_AVAILABILITY = YES_AGGRESSIVE;
				CLANG_WARN_UNREACHABLE_CODE = YES;
				CLANG_WARN__DUPLICATE_METHOD_MATCH = YES;
				COPY_PHASE_STRIP = NO;
				DEBUG_INFORMATION_FORMAT = dwarf;
				ENABLE_STRICT_OBJC_MSGSEND = YES;
				ENABLE_TESTABILITY = YES;
				GCC_C_LANGUAGE_STANDARD = gnu11;
				GCC_DYNAMIC_NO_PIC = NO;
				GCC_NO_COMMON_BLOCKS = YES;
				GCC_OPTIMIZATION_LEVEL = 0;
				GCC_PREPROCESSOR_DEFINITIONS = (
					"DEBUG=1",
					"$(inherited)",
				);
				GCC_WARN_64_TO_32_BIT_CONVERSION = YES;
				GCC_WARN_ABOUT_RETURN_TYPE = YES_ERROR;
				GCC_WARN_UNDECLARED_SELECTOR = YES;
				GCC_WARN_UNINITIALIZED_AUTOS = YES_AGGRESSIVE;
				GCC_WARN_UNUSED_FUNCTION = YES;
				GCC_WARN_UNUSED_VARIABLE = YES;
				IPHONEOS_DEPLOYMENT_TARGET = 16.4;
				MTL_ENABLE_DEBUG_INFO = INCLUDE_SOURCE;
				MTL_FAST_MATH = YES;
				ONLY_ACTIVE_ARCH = YES;
				SDKROOT = iphoneos;
				SWIFT_ACTIVE_COMPILATION_CONDITIONS = DEBUG;
				SWIFT_OPTIMIZATION_LEVEL = "-Onone";
			};
			name = Debug;
		};
		D4CF60E12A97ACA1009FCEE3 /* Release */ = {
			isa = XCBuildConfiguration;
			buildSettings = {
				ALWAYS_SEARCH_USER_PATHS = NO;
				CLANG_ANALYZER_NONNULL = YES;
				CLANG_ANALYZER_NUMBER_OBJECT_CONVERSION = YES_AGGRESSIVE;
				CLANG_CXX_LANGUAGE_STANDARD = "gnu++20";
				CLANG_ENABLE_MODULES = YES;
				CLANG_ENABLE_OBJC_ARC = YES;
				CLANG_ENABLE_OBJC_WEAK = YES;
				CLANG_WARN_BLOCK_CAPTURE_AUTORELEASING = YES;
				CLANG_WARN_BOOL_CONVERSION = YES;
				CLANG_WARN_COMMA = YES;
				CLANG_WARN_CONSTANT_CONVERSION = YES;
				CLANG_WARN_DEPRECATED_OBJC_IMPLEMENTATIONS = YES;
				CLANG_WARN_DIRECT_OBJC_ISA_USAGE = YES_ERROR;
				CLANG_WARN_DOCUMENTATION_COMMENTS = YES;
				CLANG_WARN_EMPTY_BODY = YES;
				CLANG_WARN_ENUM_CONVERSION = YES;
				CLANG_WARN_INFINITE_RECURSION = YES;
				CLANG_WARN_INT_CONVERSION = YES;
				CLANG_WARN_NON_LITERAL_NULL_CONVERSION = YES;
				CLANG_WARN_OBJC_IMPLICIT_RETAIN_SELF = YES;
				CLANG_WARN_OBJC_LITERAL_CONVERSION = YES;
				CLANG_WARN_OBJC_ROOT_CLASS = YES_ERROR;
				CLANG_WARN_QUOTED_INCLUDE_IN_FRAMEWORK_HEADER = YES;
				CLANG_WARN_RANGE_LOOP_ANALYSIS = YES;
				CLANG_WARN_STRICT_PROTOTYPES = YES;
				CLANG_WARN_SUSPICIOUS_MOVE = YES;
				CLANG_WARN_UNGUARDED_AVAILABILITY = YES_AGGRESSIVE;
				CLANG_WARN_UNREACHABLE_CODE = YES;
				CLANG_WARN__DUPLICATE_METHOD_MATCH = YES;
				COPY_PHASE_STRIP = NO;
				DEBUG_INFORMATION_FORMAT = "dwarf-with-dsym";
				ENABLE_NS_ASSERTIONS = NO;
				ENABLE_STRICT_OBJC_MSGSEND = YES;
				GCC_C_LANGUAGE_STANDARD = gnu11;
				GCC_NO_COMMON_BLOCKS = YES;
				GCC_WARN_64_TO_32_BIT_CONVERSION = YES;
				GCC_WARN_ABOUT_RETURN_TYPE = YES_ERROR;
				GCC_WARN_UNDECLARED_SELECTOR = YES;
				GCC_WARN_UNINITIALIZED_AUTOS = YES_AGGRESSIVE;
				GCC_WARN_UNUSED_FUNCTION = YES;
				GCC_WARN_UNUSED_VARIABLE = YES;
				IPHONEOS_DEPLOYMENT_TARGET = 16.4;
				MTL_ENABLE_DEBUG_INFO = NO;
				MTL_FAST_MATH = YES;
				SDKROOT = iphoneos;
				SWIFT_COMPILATION_MODE = wholemodule;
				SWIFT_OPTIMIZATION_LEVEL = "-O";
				VALIDATE_PRODUCT = YES;
			};
			name = Release;
		};
		D4CF60E32A97ACA1009FCEE3 /* Debug */ = {
			isa = XCBuildConfiguration;
			buildSettings = {
				ASSETCATALOG_COMPILER_APPICON_NAME = AppIcon;
				ASSETCATALOG_COMPILER_GLOBAL_ACCENT_COLOR_NAME = AccentColor;
				CODE_SIGN_IDENTITY = "Apple Development";
				CODE_SIGN_STYLE = Manual;
				CURRENT_PROJECT_VERSION = 1;
				DEVELOPMENT_ASSET_PATHS = "\"DottedCanvas/Preview Content\"";
				DEVELOPMENT_TEAM = "";
				ENABLE_PREVIEWS = YES;
				GENERATE_INFOPLIST_FILE = YES;
				INFOPLIST_FILE = DottedCanvas/Info.plist;
				INFOPLIST_KEY_UIApplicationSceneManifest_Generation = YES;
				INFOPLIST_KEY_UIApplicationSupportsIndirectInputEvents = YES;
				INFOPLIST_KEY_UILaunchScreen_Generation = YES;
				INFOPLIST_KEY_UISupportedInterfaceOrientations_iPad = "UIInterfaceOrientationPortrait UIInterfaceOrientationPortraitUpsideDown UIInterfaceOrientationLandscapeLeft UIInterfaceOrientationLandscapeRight";
				INFOPLIST_KEY_UISupportedInterfaceOrientations_iPhone = "UIInterfaceOrientationPortrait UIInterfaceOrientationLandscapeLeft UIInterfaceOrientationLandscapeRight";
				IPHONEOS_DEPLOYMENT_TARGET = 15.0;
				LD_RUNPATH_SEARCH_PATHS = (
					"$(inherited)",
					"@executable_path/Frameworks",
				);
				MARKETING_VERSION = 1.0;
				PRODUCT_BUNDLE_IDENTIFIER = com.eisukekusachi.DottedCanvas;
				PRODUCT_NAME = "$(TARGET_NAME)";
				PROVISIONING_PROFILE_SPECIFIER = "";
				SWIFT_EMIT_LOC_STRINGS = YES;
				SWIFT_VERSION = 5.0;
				TARGETED_DEVICE_FAMILY = "1,2";
			};
			name = Debug;
		};
		D4CF60E42A97ACA1009FCEE3 /* Release */ = {
			isa = XCBuildConfiguration;
			buildSettings = {
				ASSETCATALOG_COMPILER_APPICON_NAME = AppIcon;
				ASSETCATALOG_COMPILER_GLOBAL_ACCENT_COLOR_NAME = AccentColor;
				CODE_SIGN_IDENTITY = "Apple Development";
				CODE_SIGN_STYLE = Manual;
				CURRENT_PROJECT_VERSION = 1;
				DEVELOPMENT_ASSET_PATHS = "\"DottedCanvas/Preview Content\"";
				DEVELOPMENT_TEAM = "";
				ENABLE_PREVIEWS = YES;
				GENERATE_INFOPLIST_FILE = YES;
				INFOPLIST_FILE = DottedCanvas/Info.plist;
				INFOPLIST_KEY_UIApplicationSceneManifest_Generation = YES;
				INFOPLIST_KEY_UIApplicationSupportsIndirectInputEvents = YES;
				INFOPLIST_KEY_UILaunchScreen_Generation = YES;
				INFOPLIST_KEY_UISupportedInterfaceOrientations_iPad = "UIInterfaceOrientationPortrait UIInterfaceOrientationPortraitUpsideDown UIInterfaceOrientationLandscapeLeft UIInterfaceOrientationLandscapeRight";
				INFOPLIST_KEY_UISupportedInterfaceOrientations_iPhone = "UIInterfaceOrientationPortrait UIInterfaceOrientationLandscapeLeft UIInterfaceOrientationLandscapeRight";
				IPHONEOS_DEPLOYMENT_TARGET = 15.0;
				LD_RUNPATH_SEARCH_PATHS = (
					"$(inherited)",
					"@executable_path/Frameworks",
				);
				MARKETING_VERSION = 1.0;
				PRODUCT_BUNDLE_IDENTIFIER = com.eisukekusachi.DottedCanvas;
				PRODUCT_NAME = "$(TARGET_NAME)";
				PROVISIONING_PROFILE_SPECIFIER = "";
				SWIFT_EMIT_LOC_STRINGS = YES;
				SWIFT_VERSION = 5.0;
				TARGETED_DEVICE_FAMILY = "1,2";
			};
			name = Release;
		};
		D4CF60E62A97ACA1009FCEE3 /* Debug */ = {
			isa = XCBuildConfiguration;
			buildSettings = {
				ALWAYS_EMBED_SWIFT_STANDARD_LIBRARIES = YES;
				BUNDLE_LOADER = "$(TEST_HOST)";
				CODE_SIGN_STYLE = Automatic;
				CURRENT_PROJECT_VERSION = 1;
				DEVELOPMENT_TEAM = 59LR79WH8J;
				GENERATE_INFOPLIST_FILE = YES;
				IPHONEOS_DEPLOYMENT_TARGET = 16.4;
				MARKETING_VERSION = 1.0;
				PRODUCT_BUNDLE_IDENTIFIER = com.eisukekusachi.DottedCanvasTests;
				PRODUCT_NAME = "$(TARGET_NAME)";
				SWIFT_EMIT_LOC_STRINGS = NO;
				SWIFT_VERSION = 5.0;
				TARGETED_DEVICE_FAMILY = "1,2";
				TEST_HOST = "$(BUILT_PRODUCTS_DIR)/DottedCanvas.app/$(BUNDLE_EXECUTABLE_FOLDER_PATH)/DottedCanvas";
			};
			name = Debug;
		};
		D4CF60E72A97ACA1009FCEE3 /* Release */ = {
			isa = XCBuildConfiguration;
			buildSettings = {
				ALWAYS_EMBED_SWIFT_STANDARD_LIBRARIES = YES;
				BUNDLE_LOADER = "$(TEST_HOST)";
				CODE_SIGN_STYLE = Automatic;
				CURRENT_PROJECT_VERSION = 1;
				DEVELOPMENT_TEAM = 59LR79WH8J;
				GENERATE_INFOPLIST_FILE = YES;
				IPHONEOS_DEPLOYMENT_TARGET = 16.4;
				MARKETING_VERSION = 1.0;
				PRODUCT_BUNDLE_IDENTIFIER = com.eisukekusachi.DottedCanvasTests;
				PRODUCT_NAME = "$(TARGET_NAME)";
				SWIFT_EMIT_LOC_STRINGS = NO;
				SWIFT_VERSION = 5.0;
				TARGETED_DEVICE_FAMILY = "1,2";
				TEST_HOST = "$(BUILT_PRODUCTS_DIR)/DottedCanvas.app/$(BUNDLE_EXECUTABLE_FOLDER_PATH)/DottedCanvas";
			};
			name = Release;
		};
		D4CF60E92A97ACA1009FCEE3 /* Debug */ = {
			isa = XCBuildConfiguration;
			buildSettings = {
				ALWAYS_EMBED_SWIFT_STANDARD_LIBRARIES = YES;
				CODE_SIGN_STYLE = Automatic;
				CURRENT_PROJECT_VERSION = 1;
				DEVELOPMENT_TEAM = 59LR79WH8J;
				GENERATE_INFOPLIST_FILE = YES;
				MARKETING_VERSION = 1.0;
				PRODUCT_BUNDLE_IDENTIFIER = com.eisukekusachi.DottedCanvasUITests;
				PRODUCT_NAME = "$(TARGET_NAME)";
				SWIFT_EMIT_LOC_STRINGS = NO;
				SWIFT_VERSION = 5.0;
				TARGETED_DEVICE_FAMILY = "1,2";
				TEST_TARGET_NAME = DottedCanvas;
			};
			name = Debug;
		};
		D4CF60EA2A97ACA1009FCEE3 /* Release */ = {
			isa = XCBuildConfiguration;
			buildSettings = {
				ALWAYS_EMBED_SWIFT_STANDARD_LIBRARIES = YES;
				CODE_SIGN_STYLE = Automatic;
				CURRENT_PROJECT_VERSION = 1;
				DEVELOPMENT_TEAM = 59LR79WH8J;
				GENERATE_INFOPLIST_FILE = YES;
				MARKETING_VERSION = 1.0;
				PRODUCT_BUNDLE_IDENTIFIER = com.eisukekusachi.DottedCanvasUITests;
				PRODUCT_NAME = "$(TARGET_NAME)";
				SWIFT_EMIT_LOC_STRINGS = NO;
				SWIFT_VERSION = 5.0;
				TARGETED_DEVICE_FAMILY = "1,2";
				TEST_TARGET_NAME = DottedCanvas;
			};
			name = Release;
		};
/* End XCBuildConfiguration section */

/* Begin XCConfigurationList section */
		D4CF60B92A97AC9F009FCEE3 /* Build configuration list for PBXProject "DottedCanvas" */ = {
			isa = XCConfigurationList;
			buildConfigurations = (
				D4CF60E02A97ACA1009FCEE3 /* Debug */,
				D4CF60E12A97ACA1009FCEE3 /* Release */,
			);
			defaultConfigurationIsVisible = 0;
			defaultConfigurationName = Release;
		};
		D4CF60E22A97ACA1009FCEE3 /* Build configuration list for PBXNativeTarget "DottedCanvas" */ = {
			isa = XCConfigurationList;
			buildConfigurations = (
				D4CF60E32A97ACA1009FCEE3 /* Debug */,
				D4CF60E42A97ACA1009FCEE3 /* Release */,
			);
			defaultConfigurationIsVisible = 0;
			defaultConfigurationName = Release;
		};
		D4CF60E52A97ACA1009FCEE3 /* Build configuration list for PBXNativeTarget "DottedCanvasTests" */ = {
			isa = XCConfigurationList;
			buildConfigurations = (
				D4CF60E62A97ACA1009FCEE3 /* Debug */,
				D4CF60E72A97ACA1009FCEE3 /* Release */,
			);
			defaultConfigurationIsVisible = 0;
			defaultConfigurationName = Release;
		};
		D4CF60E82A97ACA1009FCEE3 /* Build configuration list for PBXNativeTarget "DottedCanvasUITests" */ = {
			isa = XCConfigurationList;
			buildConfigurations = (
				D4CF60E92A97ACA1009FCEE3 /* Debug */,
				D4CF60EA2A97ACA1009FCEE3 /* Release */,
			);
			defaultConfigurationIsVisible = 0;
			defaultConfigurationName = Release;
		};
/* End XCConfigurationList section */

/* Begin XCRemoteSwiftPackageReference section */
		D4BDAE5C2A9A165600A765CA /* XCRemoteSwiftPackageReference "ZipArchive" */ = {
			isa = XCRemoteSwiftPackageReference;
			repositoryURL = "https://github.com/ZipArchive/ZipArchive";
			requirement = {
				kind = exactVersion;
				version = 2.5.4;
			};
		};
/* End XCRemoteSwiftPackageReference section */

/* Begin XCSwiftPackageProductDependency section */
		D4BDAE5D2A9A165600A765CA /* ZipArchive */ = {
			isa = XCSwiftPackageProductDependency;
			package = D4BDAE5C2A9A165600A765CA /* XCRemoteSwiftPackageReference "ZipArchive" */;
			productName = ZipArchive;
		};
/* End XCSwiftPackageProductDependency section */
	};
	rootObject = D4CF60B62A97AC9F009FCEE3 /* Project object */;
}
